{
  "version": 4,
  "terraform_version": "1.14.8",
  "serial": 66,
  "lineage": "c443ebe0-7783-5605-6df3-a72aa40972b5",
  "outputs": {},
  "resources": [
    {
      "mode": "managed",
      "type": "databricks_job",
      "name": "bootstrap_job",
      "provider": "provider[\"registry.terraform.io/databricks/databricks\"]",
      "instances": [
        {
          "schema_version": 2,
          "attributes": {
            "always_running": false,
            "budget_policy_id": null,
            "continuous": [],
            "control_run_state": false,
            "dbt_task": [],
            "deployment": [],
            "description": null,
            "edit_mode": null,
            "email_notifications": [
              {
                "no_alert_for_skipped_runs": false,
                "on_duration_warning_threshold_exceeded": [],
                "on_failure": [],
                "on_start": [],
                "on_streaming_backlog_exceeded": [],
                "on_success": []
              }
            ],
            "environment": [],
            "existing_cluster_id": null,
            "format": "MULTI_TASK",
            "git_source": [],
            "health": [],
            "id": "239805024206118",
            "job_cluster": [],
            "library": [],
            "max_concurrent_runs": 1,
            "max_retries": 0,
            "min_retry_interval_millis": 0,
            "name": "gh-events-bootstrap-job",
            "new_cluster": [],
            "notebook_task": [],
            "notification_settings": [],
            "parameter": [],
            "performance_target": null,
            "pipeline_task": [],
            "provider_config": [],
            "python_wheel_task": [],
            "queue": [
              {
                "enabled": false
              }
            ],
            "retry_on_timeout": false,
            "run_as": [
              {
                "group_name": "",
                "service_principal_name": "",
                "user_name": "igor.kovalchuk@sigma.software"
              }
            ],
            "run_job_task": [],
            "schedule": [],
            "spark_jar_task": [],
            "spark_python_task": [],
            "spark_submit_task": [],
            "tags": null,
            "task": [
              {
                "alert_task": [],
                "clean_rooms_notebook_task": [],
                "compute": [],
                "condition_task": [],
                "dashboard_task": [],
                "dbt_cloud_task": [],
                "dbt_platform_task": [],
                "dbt_task": [],
                "depends_on": [],
                "description": "",
                "disable_auto_optimization": false,
                "disabled": false,
                "email_notifications": [
                  {
                    "no_alert_for_skipped_runs": false,
                    "on_duration_warning_threshold_exceeded": [],
                    "on_failure": [],
                    "on_start": [],
                    "on_streaming_backlog_exceeded": [],
                    "on_success": []
                  }
                ],
                "environment_key": "",
                "existing_cluster_id": "0204-133055-sdmbqxte",
                "for_each_task": [],
                "gen_ai_compute_task": [],
                "health": [],
                "job_cluster_key": "",
                "library": [
                  {
                    "cran": [],
                    "egg": "",
                    "jar": "",
                    "maven": [],
                    "provider_config": [],
                    "pypi": [],
                    "requirements": "",
                    "whl": "/Workspace/Users/igor.kovalchuk@sigma.software/project/current/app.whl"
                  }
                ],
                "max_retries": 0,
                "min_retry_interval_millis": 0,
                "new_cluster": [],
                "notebook_task": [],
                "notification_settings": [],
                "pipeline_task": [],
                "power_bi_task": [],
                "python_wheel_task": [
                  {
                    "entry_point": "main",
                    "named_parameters": {},
                    "package_name": "app",
                    "parameters": [
                      "configuration_tables_creation"
                    ]
                  }
                ],
                "retry_on_timeout": false,
                "run_if": "ALL_SUCCESS",
                "run_job_task": [],
                "spark_jar_task": [],
                "spark_python_task": [],
                "spark_submit_task": [],
                "sql_task": [],
                "task_key": "configuration_tables_creation_task",
                "timeout_seconds": 0,
                "webhook_notifications": []
              },
              {
                "alert_task": [],
                "clean_rooms_notebook_task": [],
                "compute": [],
                "condition_task": [],
                "dashboard_task": [],
                "dbt_cloud_task": [],
                "dbt_platform_task": [],
                "dbt_task": [],
                "depends_on": [],
                "description": "",
                "disable_auto_optimization": false,
                "disabled": false,
                "email_notifications": [
                  {
                    "no_alert_for_skipped_runs": false,
                    "on_duration_warning_threshold_exceeded": [],
                    "on_failure": [],
                    "on_start": [],
                    "on_streaming_backlog_exceeded": [],
                    "on_success": []
                  }
                ],
                "environment_key": "",
                "existing_cluster_id": "0204-133055-sdmbqxte",
                "for_each_task": [],
                "gen_ai_compute_task": [],
                "health": [],
                "job_cluster_key": "",
                "library": [
                  {
                    "cran": [],
                    "egg": "",
                    "jar": "",
                    "maven": [],
                    "provider_config": [],
                    "pypi": [],
                    "requirements": "",
                    "whl": "/Workspace/Users/igor.kovalchuk@sigma.software/project/current/app.whl"
                  }
                ],
                "max_retries": 0,
                "min_retry_interval_millis": 0,
                "new_cluster": [],
                "notebook_task": [],
                "notification_settings": [],
                "pipeline_task": [],
                "power_bi_task": [],
                "python_wheel_task": [
                  {
                    "entry_point": "main",
                    "named_parameters": {},
                    "package_name": "app",
                    "parameters": [
                      "silver_tables_creation"
                    ]
                  }
                ],
                "retry_on_timeout": false,
                "run_if": "ALL_SUCCESS",
                "run_job_task": [],
                "spark_jar_task": [],
                "spark_python_task": [],
                "spark_submit_task": [],
                "sql_task": [],
                "task_key": "silver_tables_creation_task",
                "timeout_seconds": 0,
                "webhook_notifications": []
              }
            ],
            "timeout_seconds": 0,
            "timeouts": null,
            "trigger": [],
            "url": "https://adb-7405612426701097.17.azuredatabricks.net/#job/239805024206118",
            "usage_policy_id": null,
            "webhook_notifications": [
              {
                "on_duration_warning_threshold_exceeded": [],
                "on_failure": [],
                "on_start": [],
                "on_streaming_backlog_exceeded": [],
                "on_success": []
              }
            ]
          },
          "sensitive_attributes": [],
          "identity_schema_version": 0,
          "private": "eyJlMmJmYjczMC1lY2FhLTExZTYtOGY4OC0zNDM2M2JjN2M0YzAiOnsiY3JlYXRlIjoxODAwMDAwMDAwMDAwLCJ1cGRhdGUiOjE4MDAwMDAwMDAwMDB9LCJzY2hlbWFfdmVyc2lvbiI6IjIifQ=="
        }
      ]
    },
    {
      "mode": "managed",
      "type": "databricks_job",
      "name": "wheel_job",
      "provider": "provider[\"registry.terraform.io/databricks/databricks\"]",
      "instances": [
        {
          "schema_version": 2,
          "attributes": {
            "always_running": false,
            "budget_policy_id": null,
            "continuous": [],
            "control_run_state": false,
            "dbt_task": [],
            "deployment": [],
            "description": null,
            "edit_mode": null,
            "email_notifications": [
              {
                "no_alert_for_skipped_runs": false,
                "on_duration_warning_threshold_exceeded": [],
                "on_failure": [],
                "on_start": [],
                "on_streaming_backlog_exceeded": [],
                "on_success": []
              }
            ],
            "environment": [],
            "existing_cluster_id": null,
            "format": "MULTI_TASK",
            "git_source": [],
            "health": [],
            "id": "587570429892098",
            "job_cluster": [],
            "library": [],
            "max_concurrent_runs": 1,
            "max_retries": 0,
            "min_retry_interval_millis": 0,
            "name": "gh-events-wheel-job",
            "new_cluster": [],
            "notebook_task": [],
            "notification_settings": [],
            "parameter": [],
            "performance_target": null,
            "pipeline_task": [],
            "provider_config": [],
            "python_wheel_task": [],
            "queue": [
              {
                "enabled": false
              }
            ],
            "retry_on_timeout": false,
            "run_as": [
              {
                "group_name": "",
                "service_principal_name": "",
                "user_name": "igor.kovalchuk@sigma.software"
              }
            ],
            "run_job_task": [],
            "schedule": [
              {
                "pause_status": "UNPAUSED",
                "quartz_cron_expression": "0 0 2 * * ?",
                "timezone_id": "Europe/Kyiv"
              }
            ],
            "spark_jar_task": [],
            "spark_python_task": [],
            "spark_submit_task": [],
            "tags": null,
            "task": [
              {
                "alert_task": [],
                "clean_rooms_notebook_task": [],
                "compute": [],
                "condition_task": [],
                "dashboard_task": [],
                "dbt_cloud_task": [],
                "dbt_platform_task": [],
                "dbt_task": [],
                "depends_on": [
                  {
                    "outcome": "",
                    "task_key": "daily_ingestion_task"
                  }
                ],
                "description": "",
                "disable_auto_optimization": false,
                "disabled": false,
                "email_notifications": [
                  {
                    "no_alert_for_skipped_runs": false,
                    "on_duration_warning_threshold_exceeded": [],
                    "on_failure": [],
                    "on_start": [],
                    "on_streaming_backlog_exceeded": [],
                    "on_success": []
                  }
                ],
                "environment_key": "",
                "existing_cluster_id": "0204-133055-sdmbqxte",
                "for_each_task": [],
                "gen_ai_compute_task": [],
                "health": [],
                "job_cluster_key": "",
                "library": [
                  {
                    "cran": [],
                    "egg": "",
                    "jar": "",
                    "maven": [],
                    "provider_config": [],
                    "pypi": [],
                    "requirements": "",
                    "whl": "/Workspace/Users/igor.kovalchuk@sigma.software/project/current/app.whl"
                  }
                ],
                "max_retries": 0,
                "min_retry_interval_millis": 0,
                "new_cluster": [],
                "notebook_task": [],
                "notification_settings": [],
                "pipeline_task": [],
                "power_bi_task": [],
                "python_wheel_task": [
                  {
                    "entry_point": "main",
                    "named_parameters": {},
                    "package_name": "app",
                    "parameters": [
                      "bronze_parsing"
                    ]
                  }
                ],
                "retry_on_timeout": false,
                "run_if": "ALL_SUCCESS",
                "run_job_task": [],
                "spark_jar_task": [],
                "spark_python_task": [],
                "spark_submit_task": [],
                "sql_task": [],
                "task_key": "bronze_parsing_task",
                "timeout_seconds": 0,
                "webhook_notifications": []
              },
              {
                "alert_task": [],
                "clean_rooms_notebook_task": [],
                "compute": [],
                "condition_task": [],
                "dashboard_task": [],
                "dbt_cloud_task": [],
                "dbt_platform_task": [],
                "dbt_task": [],
                "depends_on": [
                  {
                    "outcome": "",
                    "task_key": "bronze_parsing_task"
                  }
                ],
                "description": "",
                "disable_auto_optimization": false,
                "disabled": false,
                "email_notifications": [
                  {
                    "no_alert_for_skipped_runs": false,
                    "on_duration_warning_threshold_exceeded": [],
                    "on_failure": [],
                    "on_start": [],
                    "on_streaming_backlog_exceeded": [],
                    "on_success": []
                  }
                ],
                "environment_key": "",
                "existing_cluster_id": "0204-133055-sdmbqxte",
                "for_each_task": [],
                "gen_ai_compute_task": [],
                "health": [],
                "job_cluster_key": "",
                "library": [
                  {
                    "cran": [],
                    "egg": "",
                    "jar": "",
                    "maven": [],
                    "provider_config": [],
                    "pypi": [],
                    "requirements": "",
                    "whl": "/Workspace/Users/igor.kovalchuk@sigma.software/project/current/app.whl"
                  }
                ],
                "max_retries": 0,
                "min_retry_interval_millis": 0,
                "new_cluster": [],
                "notebook_task": [],
                "notification_settings": [],
                "pipeline_task": [],
                "power_bi_task": [],
                "python_wheel_task": [
                  {
                    "entry_point": "main",
                    "named_parameters": {},
                    "package_name": "app",
                    "parameters": [
                      "create_event"
                    ]
                  }
                ],
                "retry_on_timeout": false,
                "run_if": "ALL_SUCCESS",
                "run_job_task": [],
                "spark_jar_task": [],
                "spark_python_task": [],
                "spark_submit_task": [],
                "sql_task": [],
                "task_key": "create_event",
                "timeout_seconds": 0,
                "webhook_notifications": []
              },
              {
                "alert_task": [],
                "clean_rooms_notebook_task": [],
                "compute": [],
                "condition_task": [],
                "dashboard_task": [],
                "dbt_cloud_task": [],
                "dbt_platform_task": [],
                "dbt_task": [],
                "depends_on": [],
                "description": "",
                "disable_auto_optimization": false,
                "disabled": false,
                "email_notifications": [
                  {
                    "no_alert_for_skipped_runs": false,
                    "on_duration_warning_threshold_exceeded": [],
                    "on_failure": [],
                    "on_start": [],
                    "on_streaming_backlog_exceeded": [],
                    "on_success": []
                  }
                ],
                "environment_key": "",
                "existing_cluster_id": "0204-133055-sdmbqxte",
                "for_each_task": [],
                "gen_ai_compute_task": [],
                "health": [],
                "job_cluster_key": "",
                "library": [
                  {
                    "cran": [],
                    "egg": "",
                    "jar": "",
                    "maven": [],
                    "provider_config": [],
                    "pypi": [],
                    "requirements": "",
                    "whl": "/Workspace/Users/igor.kovalchuk@sigma.software/project/current/app.whl"
                  }
                ],
                "max_retries": 0,
                "min_retry_interval_millis": 0,
                "new_cluster": [],
                "notebook_task": [],
                "notification_settings": [],
                "pipeline_task": [],
                "power_bi_task": [],
                "python_wheel_task": [
                  {
                    "entry_point": "main",
                    "named_parameters": {},
                    "package_name": "app",
                    "parameters": [
                      "daily-injection"
                    ]
                  }
                ],
                "retry_on_timeout": false,
                "run_if": "ALL_SUCCESS",
                "run_job_task": [],
                "spark_jar_task": [],
                "spark_python_task": [],
                "spark_submit_task": [],
                "sql_task": [],
                "task_key": "daily_ingestion_task",
                "timeout_seconds": 0,
                "webhook_notifications": []
              },
              {
                "alert_task": [],
                "clean_rooms_notebook_task": [],
                "compute": [],
                "condition_task": [],
                "dashboard_task": [],
                "dbt_cloud_task": [],
                "dbt_platform_task": [],
                "dbt_task": [],
                "depends_on": [
                  {
                    "outcome": "",
                    "task_key": "bronze_parsing_task"
                  }
                ],
                "description": "",
                "disable_auto_optimization": false,
                "disabled": false,
                "email_notifications": [
                  {
                    "no_alert_for_skipped_runs": false,
                    "on_duration_warning_threshold_exceeded": [],
                    "on_failure": [],
                    "on_start": [],
                    "on_streaming_backlog_exceeded": [],
                    "on_success": []
                  }
                ],
                "environment_key": "",
                "existing_cluster_id": "0204-133055-sdmbqxte",
                "for_each_task": [],
                "gen_ai_compute_task": [],
                "health": [],
                "job_cluster_key": "",
                "library": [
                  {
                    "cran": [],
                    "egg": "",
                    "jar": "",
                    "maven": [],
                    "provider_config": [],
                    "pypi": [],
                    "requirements": "",
                    "whl": "/Workspace/Users/igor.kovalchuk@sigma.software/project/current/app.whl"
                  }
                ],
                "max_retries": 0,
                "min_retry_interval_millis": 0,
                "new_cluster": [],
                "notebook_task": [],
                "notification_settings": [],
                "pipeline_task": [],
                "power_bi_task": [],
                "python_wheel_task": [
                  {
                    "entry_point": "main",
                    "named_parameters": {},
                    "package_name": "app",
                    "parameters": [
                      "delete_event"
                    ]
                  }
                ],
                "retry_on_timeout": false,
                "run_if": "ALL_SUCCESS",
                "run_job_task": [],
                "spark_jar_task": [],
                "spark_python_task": [],
                "spark_submit_task": [],
                "sql_task": [],
                "task_key": "delete_event",
                "timeout_seconds": 0,
                "webhook_notifications": []
              },
              {
                "alert_task": [],
                "clean_rooms_notebook_task": [],
                "compute": [],
                "condition_task": [],
                "dashboard_task": [],
                "dbt_cloud_task": [],
                "dbt_platform_task": [],
                "dbt_task": [],
                "depends_on": [
                  {
                    "outcome": "",
                    "task_key": "bronze_parsing_task"
                  }
                ],
                "description": "",
                "disable_auto_optimization": false,
                "disabled": false,
                "email_notifications": [
                  {
                    "no_alert_for_skipped_runs": false,
                    "on_duration_warning_threshold_exceeded": [],
                    "on_failure": [],
                    "on_start": [],
                    "on_streaming_backlog_exceeded": [],
                    "on_success": []
                  }
                ],
                "environment_key": "",
                "existing_cluster_id": "0204-133055-sdmbqxte",
                "for_each_task": [],
                "gen_ai_compute_task": [],
                "health": [],
                "job_cluster_key": "",
                "library": [
                  {
                    "cran": [],
                    "egg": "",
                    "jar": "",
                    "maven": [],
                    "provider_config": [],
                    "pypi": [],
                    "requirements": "",
                    "whl": "/Workspace/Users/igor.kovalchuk@sigma.software/project/current/app.whl"
                  }
                ],
                "max_retries": 0,
                "min_retry_interval_millis": 0,
                "new_cluster": [],
                "notebook_task": [],
                "notification_settings": [],
                "pipeline_task": [],
                "power_bi_task": [],
                "python_wheel_task": [
                  {
                    "entry_point": "main",
                    "named_parameters": {},
                    "package_name": "app",
                    "parameters": [
                      "issue_comment_event"
                    ]
                  }
                ],
                "retry_on_timeout": false,
                "run_if": "ALL_SUCCESS",
                "run_job_task": [],
                "spark_jar_task": [],
                "spark_python_task": [],
                "spark_submit_task": [],
                "sql_task": [],
                "task_key": "issue_comment_event",
                "timeout_seconds": 0,
                "webhook_notifications": []
              },
              {
                "alert_task": [],
                "clean_rooms_notebook_task": [],
                "compute": [],
                "condition_task": [],
                "dashboard_task": [],
                "dbt_cloud_task": [],
                "dbt_platform_task": [],
                "dbt_task": [],
                "depends_on": [
                  {
                    "outcome": "",
                    "task_key": "bronze_parsing_task"
                  }
                ],
                "description": "",
                "disable_auto_optimization": false,
                "disabled": false,
                "email_notifications": [
                  {
                    "no_alert_for_skipped_runs": false,
                    "on_duration_warning_threshold_exceeded": [],
                    "on_failure": [],
                    "on_start": [],
                    "on_streaming_backlog_exceeded": [],
                    "on_success": []
                  }
                ],
                "environment_key": "",
                "existing_cluster_id": "0204-133055-sdmbqxte",
                "for_each_task": [],
                "gen_ai_compute_task": [],
                "health": [],
                "job_cluster_key": "",
                "library": [
                  {
                    "cran": [],
                    "egg": "",
                    "jar": "",
                    "maven": [],
                    "provider_config": [],
                    "pypi": [],
                    "requirements": "",
                    "whl": "/Workspace/Users/igor.kovalchuk@sigma.software/project/current/app.whl"
                  }
                ],
                "max_retries": 0,
                "min_retry_interval_millis": 0,
                "new_cluster": [],
                "notebook_task": [],
                "notification_settings": [],
                "pipeline_task": [],
                "power_bi_task": [],
                "python_wheel_task": [
                  {
                    "entry_point": "main",
                    "named_parameters": {},
                    "package_name": "app",
                    "parameters": [
                      "issues_event"
                    ]
                  }
                ],
                "retry_on_timeout": false,
                "run_if": "ALL_SUCCESS",
                "run_job_task": [],
                "spark_jar_task": [],
                "spark_python_task": [],
                "spark_submit_task": [],
                "sql_task": [],
                "task_key": "issues_event",
                "timeout_seconds": 0,
                "webhook_notifications": []
              },
              {
                "alert_task": [],
                "clean_rooms_notebook_task": [],
                "compute": [],
                "condition_task": [],
                "dashboard_task": [],
                "dbt_cloud_task": [],
                "dbt_platform_task": [],
                "dbt_task": [],
                "depends_on": [
                  {
                    "outcome": "",
                    "task_key": "bronze_parsing_task"
                  }
                ],
                "description": "",
                "disable_auto_optimization": false,
                "disabled": false,
                "email_notifications": [
                  {
                    "no_alert_for_skipped_runs": false,
                    "on_duration_warning_threshold_exceeded": [],
                    "on_failure": [],
                    "on_start": [],
                    "on_streaming_backlog_exceeded": [],
                    "on_success": []
                  }
                ],
                "environment_key": "",
                "existing_cluster_id": "0204-133055-sdmbqxte",
                "for_each_task": [],
                "gen_ai_compute_task": [],
                "health": [],
                "job_cluster_key": "",
                "library": [
                  {
                    "cran": [],
                    "egg": "",
                    "jar": "",
                    "maven": [],
                    "provider_config": [],
                    "pypi": [],
                    "requirements": "",
                    "whl": "/Workspace/Users/igor.kovalchuk@sigma.software/project/current/app.whl"
                  }
                ],
                "max_retries": 0,
                "min_retry_interval_millis": 0,
                "new_cluster": [],
                "notebook_task": [],
                "notification_settings": [],
                "pipeline_task": [],
                "power_bi_task": [],
                "python_wheel_task": [
                  {
                    "entry_point": "main",
                    "named_parameters": {},
                    "package_name": "app",
                    "parameters": [
                      "member_event"
                    ]
                  }
                ],
                "retry_on_timeout": false,
                "run_if": "ALL_SUCCESS",
                "run_job_task": [],
                "spark_jar_task": [],
                "spark_python_task": [],
                "spark_submit_task": [],
                "sql_task": [],
                "task_key": "member_event",
                "timeout_seconds": 0,
                "webhook_notifications": []
              },
              {
                "alert_task": [],
                "clean_rooms_notebook_task": [],
                "compute": [],
                "condition_task": [],
                "dashboard_task": [],
                "dbt_cloud_task": [],
                "dbt_platform_task": [],
                "dbt_task": [],
                "depends_on": [
                  {
                    "outcome": "",
                    "task_key": "pull_request_event"
                  },
                  {
                    "outcome": "",
                    "task_key": "pull_request_rev_event"
                  }
                ],
                "description": "",
                "disable_auto_optimization": false,
                "disabled": false,
                "email_notifications": [
                  {
                    "no_alert_for_skipped_runs": false,
                    "on_duration_warning_threshold_exceeded": [],
                    "on_failure": [],
                    "on_start": [],
                    "on_streaming_backlog_exceeded": [],
                    "on_success": []
                  }
                ],
                "environment_key": "",
                "existing_cluster_id": "0204-133055-sdmbqxte",
                "for_each_task": [],
                "gen_ai_compute_task": [],
                "health": [],
                "job_cluster_key": "",
                "library": [
                  {
                    "cran": [],
                    "egg": "",
                    "jar": "",
                    "maven": [],
                    "provider_config": [],
                    "pypi": [],
                    "requirements": "",
                    "whl": "/Workspace/Users/igor.kovalchuk@sigma.software/project/current/app.whl"
                  }
                ],
                "max_retries": 0,
                "min_retry_interval_millis": 0,
                "new_cluster": [],
                "notebook_task": [],
                "notification_settings": [],
                "pipeline_task": [],
                "power_bi_task": [],
                "python_wheel_task": [
                  {
                    "entry_point": "main",
                    "named_parameters": {},
                    "package_name": "app",
                    "parameters": [
                      "gold_pr_cycle"
                    ]
                  }
                ],
                "retry_on_timeout": false,
                "run_if": "ALL_SUCCESS",
                "run_job_task": [],
                "spark_jar_task": [],
                "spark_python_task": [],
                "spark_submit_task": [],
                "sql_task": [],
                "task_key": "pr_cycle",
                "timeout_seconds": 0,
                "webhook_notifications": []
              },
              {
                "alert_task": [],
                "clean_rooms_notebook_task": [],
                "compute": [],
                "condition_task": [],
                "dashboard_task": [],
                "dbt_cloud_task": [],
                "dbt_platform_task": [],
                "dbt_task": [],
                "depends_on": [
                  {
                    "outcome": "",
                    "task_key": "bronze_parsing_task"
                  }
                ],
                "description": "",
                "disable_auto_optimization": false,
                "disabled": false,
                "email_notifications": [
                  {
                    "no_alert_for_skipped_runs": false,
                    "on_duration_warning_threshold_exceeded": [],
                    "on_failure": [],
                    "on_start": [],
                    "on_streaming_backlog_exceeded": [],
                    "on_success": []
                  }
                ],
                "environment_key": "",
                "existing_cluster_id": "0204-133055-sdmbqxte",
                "for_each_task": [],
                "gen_ai_compute_task": [],
                "health": [],
                "job_cluster_key": "",
                "library": [
                  {
                    "cran": [],
                    "egg": "",
                    "jar": "",
                    "maven": [],
                    "provider_config": [],
                    "pypi": [],
                    "requirements": "",
                    "whl": "/Workspace/Users/igor.kovalchuk@sigma.software/project/current/app.whl"
                  }
                ],
                "max_retries": 0,
                "min_retry_interval_millis": 0,
                "new_cluster": [],
                "notebook_task": [],
                "notification_settings": [],
                "pipeline_task": [],
                "power_bi_task": [],
                "python_wheel_task": [
                  {
                    "entry_point": "main",
                    "named_parameters": {},
                    "package_name": "app",
                    "parameters": [
                      "pull_request_event"
                    ]
                  }
                ],
                "retry_on_timeout": false,
                "run_if": "ALL_SUCCESS",
                "run_job_task": [],
                "spark_jar_task": [],
                "spark_python_task": [],
                "spark_submit_task": [],
                "sql_task": [],
                "task_key": "pull_request_event",
                "timeout_seconds": 0,
                "webhook_notifications": []
              },
              {
                "alert_task": [],
                "clean_rooms_notebook_task": [],
                "compute": [],
                "condition_task": [],
                "dashboard_task": [],
                "dbt_cloud_task": [],
                "dbt_platform_task": [],
                "dbt_task": [],
                "depends_on": [
                  {
                    "outcome": "",
                    "task_key": "bronze_parsing_task"
                  }
                ],
                "description": "",
                "disable_auto_optimization": false,
                "disabled": false,
                "email_notifications": [
                  {
                    "no_alert_for_skipped_runs": false,
                    "on_duration_warning_threshold_exceeded": [],
                    "on_failure": [],
                    "on_start": [],
                    "on_streaming_backlog_exceeded": [],
                    "on_success": []
                  }
                ],
                "environment_key": "",
                "existing_cluster_id": "0204-133055-sdmbqxte",
                "for_each_task": [],
                "gen_ai_compute_task": [],
                "health": [],
                "job_cluster_key": "",
                "library": [
                  {
                    "cran": [],
                    "egg": "",
                    "jar": "",
                    "maven": [],
                    "provider_config": [],
                    "pypi": [],
                    "requirements": "",
                    "whl": "/Workspace/Users/igor.kovalchuk@sigma.software/project/current/app.whl"
                  }
                ],
                "max_retries": 0,
                "min_retry_interval_millis": 0,
                "new_cluster": [],
                "notebook_task": [],
                "notification_settings": [],
                "pipeline_task": [],
                "power_bi_task": [],
                "python_wheel_task": [
                  {
                    "entry_point": "main",
                    "named_parameters": {},
                    "package_name": "app",
                    "parameters": [
                      "pull_request_rev_event"
                    ]
                  }
                ],
                "retry_on_timeout": false,
                "run_if": "ALL_SUCCESS",
                "run_job_task": [],
                "spark_jar_task": [],
                "spark_python_task": [],
                "spark_submit_task": [],
                "sql_task": [],
                "task_key": "pull_request_rev_event",
                "timeout_seconds": 0,
                "webhook_notifications": []
              },
              {
                "alert_task": [],
                "clean_rooms_notebook_task": [],
                "compute": [],
                "condition_task": [],
                "dashboard_task": [],
                "dbt_cloud_task": [],
                "dbt_platform_task": [],
                "dbt_task": [],
                "depends_on": [
                  {
                    "outcome": "",
                    "task_key": "bronze_parsing_task"
                  }
                ],
                "description": "",
                "disable_auto_optimization": false,
                "disabled": false,
                "email_notifications": [
                  {
                    "no_alert_for_skipped_runs": false,
                    "on_duration_warning_threshold_exceeded": [],
                    "on_failure": [],
                    "on_start": [],
                    "on_streaming_backlog_exceeded": [],
                    "on_success": []
                  }
                ],
                "environment_key": "",
                "existing_cluster_id": "0204-133055-sdmbqxte",
                "for_each_task": [],
                "gen_ai_compute_task": [],
                "health": [],
                "job_cluster_key": "",
                "library": [
                  {
                    "cran": [],
                    "egg": "",
                    "jar": "",
                    "maven": [],
                    "provider_config": [],
                    "pypi": [],
                    "requirements": "",
                    "whl": "/Workspace/Users/igor.kovalchuk@sigma.software/project/current/app.whl"
                  }
                ],
                "max_retries": 0,
                "min_retry_interval_millis": 0,
                "new_cluster": [],
                "notebook_task": [],
                "notification_settings": [],
                "pipeline_task": [],
                "power_bi_task": [],
                "python_wheel_task": [
                  {
                    "entry_point": "main",
                    "named_parameters": {},
                    "package_name": "app",
                    "parameters": [
                      "push_event"
                    ]
                  }
                ],
                "retry_on_timeout": false,
                "run_if": "ALL_SUCCESS",
                "run_job_task": [],
                "spark_jar_task": [],
                "spark_python_task": [],
                "spark_submit_task": [],
                "sql_task": [],
                "task_key": "push_event",
                "timeout_seconds": 0,
                "webhook_notifications": []
              },
              {
                "alert_task": [],
                "clean_rooms_notebook_task": [],
                "compute": [],
                "condition_task": [],
                "dashboard_task": [],
                "dbt_cloud_task": [],
                "dbt_platform_task": [],
                "dbt_task": [],
                "depends_on": [
                  {
                    "outcome": "",
                    "task_key": "bronze_parsing_task"
                  }
                ],
                "description": "",
                "disable_auto_optimization": false,
                "disabled": false,
                "email_notifications": [
                  {
                    "no_alert_for_skipped_runs": false,
                    "on_duration_warning_threshold_exceeded": [],
                    "on_failure": [],
                    "on_start": [],
                    "on_streaming_backlog_exceeded": [],
                    "on_success": []
                  }
                ],
                "environment_key": "",
                "existing_cluster_id": "0204-133055-sdmbqxte",
                "for_each_task": [],
                "gen_ai_compute_task": [],
                "health": [],
                "job_cluster_key": "",
                "library": [
                  {
                    "cran": [],
                    "egg": "",
                    "jar": "",
                    "maven": [],
                    "provider_config": [],
                    "pypi": [],
                    "requirements": "",
                    "whl": "/Workspace/Users/igor.kovalchuk@sigma.software/project/current/app.whl"
                  }
                ],
                "max_retries": 0,
                "min_retry_interval_millis": 0,
                "new_cluster": [],
                "notebook_task": [],
                "notification_settings": [],
                "pipeline_task": [],
                "power_bi_task": [],
                "python_wheel_task": [
                  {
                    "entry_point": "main",
                    "named_parameters": {},
                    "package_name": "app",
                    "parameters": [
                      "release_event"
                    ]
                  }
                ],
                "retry_on_timeout": false,
                "run_if": "ALL_SUCCESS",
                "run_job_task": [],
                "spark_jar_task": [],
                "spark_python_task": [],
                "spark_submit_task": [],
                "sql_task": [],
                "task_key": "release_event",
                "timeout_seconds": 0,
                "webhook_notifications": []
              },
              {
                "alert_task": [],
                "clean_rooms_notebook_task": [],
                "compute": [],
                "condition_task": [],
                "dashboard_task": [],
                "dbt_cloud_task": [],
                "dbt_platform_task": [],
                "dbt_task": [],
                "depends_on": [
                  {
                    "outcome": "",
                    "task_key": "watch_event"
                  }
                ],
                "description": "",
                "disable_auto_optimization": false,
                "disabled": false,
                "email_notifications": [
                  {
                    "no_alert_for_skipped_runs": false,
                    "on_duration_warning_threshold_exceeded": [],
                    "on_failure": [],
                    "on_start": [],
                    "on_streaming_backlog_exceeded": [],
                    "on_success": []
                  }
                ],
                "environment_key": "",
                "existing_cluster_id": "0204-133055-sdmbqxte",
                "for_each_task": [],
                "gen_ai_compute_task": [],
                "health": [],
                "job_cluster_key": "",
                "library": [
                  {
                    "cran": [],
                    "egg": "",
                    "jar": "",
                    "maven": [],
                    "provider_config": [],
                    "pypi": [],
                    "requirements": "",
                    "whl": "/Workspace/Users/igor.kovalchuk@sigma.software/project/current/app.whl"
                  }
                ],
                "max_retries": 0,
                "min_retry_interval_millis": 0,
                "new_cluster": [],
                "notebook_task": [],
                "notification_settings": [],
                "pipeline_task": [],
                "power_bi_task": [],
                "python_wheel_task": [
                  {
                    "entry_point": "main",
                    "named_parameters": {},
                    "package_name": "app",
                    "parameters": [
                      "gold_repo_popularity"
                    ]
                  }
                ],
                "retry_on_timeout": false,
                "run_if": "ALL_SUCCESS",
                "run_job_task": [],
                "spark_jar_task": [],
                "spark_python_task": [],
                "spark_submit_task": [],
                "sql_task": [],
                "task_key": "repo_popularity",
                "timeout_seconds": 0,
                "webhook_notifications": []
              },
              {
                "alert_task": [],
                "clean_rooms_notebook_task": [],
                "compute": [],
                "condition_task": [],
                "dashboard_task": [],
                "dbt_cloud_task": [],
                "dbt_platform_task": [],
                "dbt_task": [],
                "depends_on": [
                  {
                    "outcome": "",
                    "task_key": "issues_event"
                  },
                  {
                    "outcome": "",
                    "task_key": "pull_request_event"
                  },
                  {
                    "outcome": "",
                    "task_key": "pull_request_rev_event"
                  },
                  {
                    "outcome": "",
                    "task_key": "push_event"
                  }
                ],
                "description": "",
                "disable_auto_optimization": false,
                "disabled": false,
                "email_notifications": [
                  {
                    "no_alert_for_skipped_runs": false,
                    "on_duration_warning_threshold_exceeded": [],
                    "on_failure": [],
                    "on_start": [],
                    "on_streaming_backlog_exceeded": [],
                    "on_success": []
                  }
                ],
                "environment_key": "",
                "existing_cluster_id": "0204-133055-sdmbqxte",
                "for_each_task": [],
                "gen_ai_compute_task": [],
                "health": [],
                "job_cluster_key": "",
                "library": [
                  {
                    "cran": [],
                    "egg": "",
                    "jar": "",
                    "maven": [],
                    "provider_config": [],
                    "pypi": [],
                    "requirements": "",
                    "whl": "/Workspace/Users/igor.kovalchuk@sigma.software/project/current/app.whl"
                  }
                ],
                "max_retries": 0,
                "min_retry_interval_millis": 0,
                "new_cluster": [],
                "notebook_task": [],
                "notification_settings": [],
                "pipeline_task": [],
                "power_bi_task": [],
                "python_wheel_task": [
                  {
                    "entry_point": "main",
                    "named_parameters": {},
                    "package_name": "app",
                    "parameters": [
                      "gold_daily_user_rating"
                    ]
                  }
                ],
                "retry_on_timeout": false,
                "run_if": "ALL_SUCCESS",
                "run_job_task": [],
                "spark_jar_task": [],
                "spark_python_task": [],
                "spark_submit_task": [],
                "sql_task": [],
                "task_key": "user_daily_rating",
                "timeout_seconds": 0,
                "webhook_notifications": []
              },
              {
                "alert_task": [],
                "clean_rooms_notebook_task": [],
                "compute": [],
                "condition_task": [],
                "dashboard_task": [],
                "dbt_cloud_task": [],
                "dbt_platform_task": [],
                "dbt_task": [],
                "depends_on": [
                  {
                    "outcome": "",
                    "task_key": "bronze_parsing_task"
                  }
                ],
                "description": "",
                "disable_auto_optimization": false,
                "disabled": false,
                "email_notifications": [
                  {
                    "no_alert_for_skipped_runs": false,
                    "on_duration_warning_threshold_exceeded": [],
                    "on_failure": [],
                    "on_start": [],
                    "on_streaming_backlog_exceeded": [],
                    "on_success": []
                  }
                ],
                "environment_key": "",
                "existing_cluster_id": "0204-133055-sdmbqxte",
                "for_each_task": [],
                "gen_ai_compute_task": [],
                "health": [],
                "job_cluster_key": "",
                "library": [
                  {
                    "cran": [],
                    "egg": "",
                    "jar": "",
                    "maven": [],
                    "provider_config": [],
                    "pypi": [],
                    "requirements": "",
                    "whl": "/Workspace/Users/igor.kovalchuk@sigma.software/project/current/app.whl"
                  }
                ],
                "max_retries": 0,
                "min_retry_interval_millis": 0,
                "new_cluster": [],
                "notebook_task": [],
                "notification_settings": [],
                "pipeline_task": [],
                "power_bi_task": [],
                "python_wheel_task": [
                  {
                    "entry_point": "main",
                    "named_parameters": {},
                    "package_name": "app",
                    "parameters": [
                      "watch_event"
                    ]
                  }
                ],
                "retry_on_timeout": false,
                "run_if": "ALL_SUCCESS",
                "run_job_task": [],
                "spark_jar_task": [],
                "spark_python_task": [],
                "spark_submit_task": [],
                "sql_task": [],
                "task_key": "watch_event",
                "timeout_seconds": 0,
                "webhook_notifications": []
              }
            ],
            "timeout_seconds": 0,
            "timeouts": null,
            "trigger": [],
            "url": "https://adb-7405612426701097.17.azuredatabricks.net/#job/587570429892098",
            "usage_policy_id": null,
            "webhook_notifications": [
              {
                "on_duration_warning_threshold_exceeded": [],
                "on_failure": [],
                "on_start": [],
                "on_streaming_backlog_exceeded": [],
                "on_success": []
              }
            ]
          },
          "sensitive_attributes": [],
          "identity_schema_version": 0,
          "private": "eyJlMmJmYjczMC1lY2FhLTExZTYtOGY4OC0zNDM2M2JjN2M0YzAiOnsiY3JlYXRlIjoxODAwMDAwMDAwMDAwLCJ1cGRhdGUiOjE4MDAwMDAwMDAwMDB9LCJzY2hlbWFfdmVyc2lvbiI6IjIifQ=="
        }
      ]
    }
  ],
  "check_results": null
}
